// !$*UTF8*$!
{
	archiveVersion = 1;
	classes = {
	};
	objectVersion = 48;
	objects = {

/* Begin PBXBuildFile section */
		BBA7983B1FB4264000B1C527 /* main.c in Sources */ = {isa = PBXBuildFile; fileRef = BBA7983A1FB4264000B1C527 /* main.c */; };
		BBA798441FB426B300B1C527 /* chainLine.c in Sources */ = {isa = PBXBuildFile; fileRef = BBA798431FB426B300B1C527 /* chainLine.c */; };
/* End PBXBuildFile section */

/* Begin PBXCopyFilesBuildPhase section */
		BBA798351FB4264000B1C527 /* CopyFiles */ = {
			isa = PBXCopyFilesBuildPhase;
			buildActionMask = 2147483647;
			dstPath = /usr/share/man/man1/;
			dstSubfolderSpec = 0;
			files = (
			);
			runOnlyForDeploymentPostprocessing = 1;
		};
/* End PBXCopyFilesBuildPhase section */

/* Begin PBXFileReference section */
		BB9F1CDB1FB9D4AE0013ECFB /* common.h */ = {isa = PBXFileReference; lastKnownFileType = sourcecode.c.h; path = common.h; sourceTree = "<group>"; };
		BBA798371FB4264000B1C527 /* 数据结构 */ = {isa = PBXFileReference; explicitFileType = "compiled.mach-o.executable"; includeInIndex = 0; path = "数据结构"; sourceTree = BUILT_PRODUCTS_DIR; };
		BBA7983A1FB4264000B1C527 /* main.c */ = {isa = PBXFileReference; lastKnownFileType = sourcecode.c.c; path = main.c; sourceTree = "<group>"; };
		BBA798411FB4266C00B1C527 /* mainHead.h */ = {isa = PBXFileReference; lastKnownFileType = sourcecode.c.h; path = mainHead.h; sourceTree = "<group>"; };
		BBA798421FB426B300B1C527 /* chainLine.h */ = {isa = PBXFileReference; lastKnownFileType = sourcecode.c.h; path = chainLine.h; sourceTree = "<group>"; };
		BBA798431FB426B300B1C527 /* chainLine.c */ = {isa = PBXFileReference; lastKnownFileType = sourcecode.c.c; path = chainLine.c; sourceTree = "<group>"; };
/* End PBXFileReference section */

/* Begin PBXFrameworksBuildPhase section */
		BBA798341FB4264000B1C527 /* Frameworks */ = {
			isa = PBXFrameworksBuildPhase;
			buildActionMask = 2147483647;
			files = (
			);
			runOnlyForDeploymentPostprocessing = 0;
		};
/* End PBXFrameworksBuildPhase section */

/* Begin PBXGroup section */
		BBA7982E1FB4264000B1C527 = {
			isa = PBXGroup;
			children = (
				BBA798391FB4264000B1C527 /* 数据结构 */,
				BBA798381FB4264000B1C527 /* Products */,
			);
			sourceTree = "<group>";
		};
		BBA798381FB4264000B1C527 /* Products */ = {
			isa = PBXGroup;
			children = (
				BBA798371FB4264000B1C527 /* 数据结构 */,
			);
			name = Products;
			sourceTree = "<group>";
		};
		BBA798391FB4264000B1C527 /* 数据结构 */ = {
			isa = PBXGroup;
			children = (
				BBA798411FB4266C00B1C527 /* mainHead.h */,
				BB9F1CDB1FB9D4AE0013ECFB /* common.h */,
				BBA7983A1FB4264000B1C527 /* main.c */,
				BBA798421FB426B300B1C527 /* chainLine.h */,
				BBA798431FB426B300B1C527 /* chainLine.c */,
			);
			path = "数据结构";
			sourceTree = "<group>";
		};
/* End PBXGroup section */

/* Begin PBXNativeTarget section */
		BBA798361FB4264000B1C527 /* 数据结构 */ = {
			isa = PBXNativeTarget;
			buildConfigurationList = BBA7983E1FB4264000B1C527 /* Build configuration list for PBXNativeTarget "数据结构" */;
			buildPhases = (
				BBA798331FB4264000B1C527 /* Sources */,
				BBA798341FB4264000B1C527 /* Frameworks */,
				BBA798351FB4264000B1C527 /* CopyFiles */,
			);
			buildRules = (
			);
			dependencies = (
			);
			name = "数据结构";
			productName = "数据结构";
			productReference = BBA798371FB4264000B1C527 /* 数据结构 */;
			productType = "com.apple.product-type.tool";
		};
/* End PBXNativeTarget section */

/* Begin PBXProject section */
		BBA7982F1FB4264000B1C527 /* Project object */ = {
			isa = PBXProject;
			attributes = {
				LastUpgradeCheck = 0920;
				ORGANIZATIONNAME = LCC;
				TargetAttributes = {
					BBA798361FB4264000B1C527 = {
						CreatedOnToolsVersion = 9.2;
						ProvisioningStyle = Automatic;
					};
				};
			};
			buildConfigurationList = BBA798321FB4264000B1C527 /* Build configuration list for PBXProject "数据结构" */;
			compatibilityVersion = "Xcode 8.0";
			developmentRegion = en;
			hasScannedForEncodings = 0;
			knownRegions = (
				en,
			);
			mainGroup = BBA7982E1FB4264000B1C527;
			productRefGroup = BBA798381FB4264000B1C527 /* Products */;
			projectDirPath = "";
			projectRoot = "";
			targets = (
				BBA798361FB4264000B1C527 /* 数据结构 */,
			);
		};
/* End PBXProject section */

/* Begin PBXSourcesBuildPhase section */
		BBA798331FB4264000B1C527 /* Sources */ = {
			isa = PBXSourcesBuildPhase;
			buildActionMask = 2147483647;
			files = (
				BBA7983B1FB4264000B1C527 /* main.c in Sources */,
				BBA798441FB426B300B1C527 /* chainLine.c in Sources */,
			);
			runOnlyForDeploymentPostprocessing = 0;
		};
/* End PBXSourcesBuildPhase section */

/* Begin XCBuildConfiguration section */
		BBA7983C1FB4264000B1C527 /* Debug */ = {
			isa = XCBuildConfiguration;
			buildSettings = {
				ALWAYS_SEARCH_USER_PATHS = NO;
				CLANG_ANALYZER_NONNULL = YES;
				CLANG_ANALYZER_NUMBER_OBJECT_CONVERSION = YES_AGGRESSIVE;
				CLANG_CXX_LANGUAGE_STANDARD = "gnu++14";
				CLANG_CXX_LIBRARY = "libc++";
				CLANG_ENABLE_MODULES = YES;
				CLANG_ENABLE_OBJC_ARC = YES;
				CLANG_WARN_BLOCK_CAPTURE_AUTORELEASING = YES;
				CLANG_WARN_BOOL_CONVERSION = YES;
				CLANG_WARN_COMMA = YES;
				CLANG_WARN_CONSTANT_CONVERSION = YES;
				CLANG_WARN_DIRECT_OBJC_ISA_USAGE = YES_ERROR;
				CLANG_WARN_DOCUMENTATION_COMMENTS = YES;
				CLANG_WARN_EMPTY_BODY = YES;
				CLANG_WARN_ENUM_CONVERSION = YES;
				CLANG_WARN_INFINITE_RECURSION = YES;
				CLANG_WARN_INT_CONVERSION = YES;
				CLANG_WARN_NON_LITERAL_NULL_CONVERSION = YES;
				CLANG_WARN_OBJC_LITERAL_CONVERSION = YES;
				CLANG_WARN_OBJC_ROOT_CLASS = YES_ERROR;
				CLANG_WARN_RANGE_LOOP_ANALYSIS = YES;
				CLANG_WARN_STRICT_PROTOTYPES = YES;
				CLANG_WARN_SUSPICIOUS_MOVE = YES;
				CLANG_WARN_UNGUARDED_AVAILABILITY = YES_AGGRESSIVE;
				CLANG_WARN_UNREACHABLE_CODE = YES;
				CLANG_WARN__DUPLICATE_METHOD_MATCH = YES;
				CODE_SIGN_IDENTITY = "Mac Developer";
				COPY_PHASE_STRIP = NO;
				DEBUG_INFORMATION_FORMAT = dwarf;
				ENABLE_STRICT_OBJC_MSGSEND = YES;
				ENABLE_TESTABILITY = YES;
				GCC_C_LANGUAGE_STANDARD = gnu11;
				GCC_DYNAMIC_NO_PIC = NO;
				GCC_NO_COMMON_BLOCKS = YES;
				GCC_OPTIMIZATION_LEVEL = 0;
				GCC_PREPROCESSOR_DEFINITIONS = (
					"DEBUG=1",
					"$(inherited)",
				);
				GCC_WARN_64_TO_32_BIT_CONVERSION = YES;
				GCC_WARN_ABOUT_RETURN_TYPE = YES_ERROR;
				GCC_WARN_UNDECLARED_SELECTOR = YES;
				GCC_WARN_UNINITIALIZED_AUTOS = YES_AGGRESSIVE;
				GCC_WARN_UNUSED_FUNCTION = YES;
				GCC_WARN_UNUSED_VARIABLE = YES;
				MACOSX_DEPLOYMENT_TARGET = 10.13;
				MTL_ENABLE_DEBUG_INFO = YES;
				ONLY_ACTIVE_ARCH = YES;
				OTHER_LDFLAGS = "-all_load";
				SDKROOT = macosx;
			};
			name = Debug;
		};
		BBA7983D1FB4264000B1C527 /* Release */ = {
			isa = XCBuildConfiguration;
			buildSettings = {
				ALWAYS_SEARCH_USER_PATHS = NO;
				CLANG_ANALYZER_NONNULL = YES;
				CLANG_ANALYZER_NUMBER_OBJECT_CONVERSION = YES_AGGRESSIVE;
				CLANG_CXX_LANGUAGE_STANDARD = "gnu++14";
				CLANG_CXX_LIBRARY = "libc++";
				CLANG_ENABLE_MODULES = YES;
				CLANG_ENABLE_OBJC_ARC = YES;
				CLANG_WARN_BLOCK_CAPTURE_AUTORELEASING = YES;
				CLANG_WARN_BOOL_CONVERSION = YES;
				CLANG_WARN_COMMA = YES;
				CLANG_WARN_CONSTANT_CONVERSION = YES;
				CLANG_WARN_DIRECT_OBJC_ISA_USAGE = YES_ERROR;
				CLANG_WARN_DOCUMENTATION_COMMENTS = YES;
				CLANG_WARN_EMPTY_BODY = YES;
				CLANG_WARN_ENUM_CONVERSION = YES;
				CLANG_WARN_INFINITE_RECURSION = YES;
				CLANG_WARN_INT_CONVERSION = YES;
				CLANG_WARN_NON_LITERAL_NULL_CONVERSION = YES;
				CLANG_WARN_OBJC_LITERAL_CONVERSION = YES;
				CLANG_WARN_OBJC_ROOT_CLASS = YES_ERROR;
				CLANG_WARN_RANGE_LOOP_ANALYSIS = YES;
				CLANG_WARN_STRICT_PROTOTYPES = YES;
				CLANG_WARN_SUSPICIOUS_MOVE = YES;
				CLANG_WARN_UNGUARDED_AVAILABILITY = YES_AGGRESSIVE;
				CLANG_WARN_UNREACHABLE_CODE = YES;
				CLANG_WARN__DUPLICATE_METHOD_MATCH = YES;
				CODE_SIGN_IDENTITY = "Mac Developer";
				COPY_PHASE_STRIP = NO;
				DEBUG_INFORMATION_FORMAT = "dwarf-with-dsym";
				ENABLE_NS_ASSERTIONS = NO;
				ENABLE_STRICT_OBJC_MSGSEND = YES;
				GCC_C_LANGUAGE_STANDARD = gnu11;
				GCC_NO_COMMON_BLOCKS = YES;
				GCC_WARN_64_TO_32_BIT_CONVERSION = YES;
				GCC_WARN_ABOUT_RETURN_TYPE = YES_ERROR;
				GCC_WARN_UNDECLARED_SELECTOR = YES;
				GCC_WARN_UNINITIALIZED_AUTOS = YES_AGGRESSIVE;
				GCC_WARN_UNUSED_FUNCTION = YES;
				GCC_WARN_UNUSED_VARIABLE = YES;
				MACOSX_DEPLOYMENT_TARGET = 10.13;
				MTL_ENABLE_DEBUG_INFO = NO;
				OTHER_LDFLAGS = "-all_load";
				SDKROOT = macosx;
			};
			name = Release;
		};
		BBA7983F1FB4264000B1C527 /* Debug */ = {
			isa = XCBuildConfiguration;
			buildSettings = {
				CODE_SIGN_STYLE = Automatic;
				DEVELOPMENT_TEAM = VZJHX8LXGH;
				PRODUCT_NAME = "$(TARGET_NAME)";
			};
			name = Debug;
		};
		BBA798401FB4264000B1C527 /* Release */ = {
			isa = XCBuildConfiguration;
			buildSettings = {
				CODE_SIGN_STYLE = Automatic;
				DEVELOPMENT_TEAM = VZJHX8LXGH;
				PRODUCT_NAME = "$(TARGET_NAME)";
			};
			name = Release;
		};
/* End XCBuildConfiguration section */

/* Begin XCConfigurationList section */
		BBA798321FB4264000B1C527 /* Build configuration list for PBXProject "数据结构" */ = {
			isa = XCConfigurationList;
			buildConfigurations = (
				BBA7983C1FB4264000B1C527 /* Debug */,
				BBA7983D1FB4264000B1C527 /* Release */,
			);
			defaultConfigurationIsVisible = 0;
			defaultConfigurationName = Release;
		};
		BBA7983E1FB4264000B1C527 /* Build configuration list for PBXNativeTarget "数据结构" */ = {
			isa = XCConfigurationList;
			buildConfigurations = (
				BBA7983F1FB4264000B1C527 /* Debug */,
				BBA798401FB4264000B1C527 /* Release */,
			);
			defaultConfigurationIsVisible = 0;
			defaultConfigurationName = Release;
		};
/* End XCConfigurationList section */
	};
	rootObject = BBA7982F1FB4264000B1C527 /* Project object */;
}
